
Microsoft Visual Studio Solution File, Format Version 12.00
# Visual Studio 14
VisualStudioVersion = 14.0.25420.1
MinimumVisualStudioVersion = 10.0.40219.1
Project("{159641D6-6404-4A2A-AE62-294DE0FE8301}") = "IS_CargaInicial", "IS_CargaInicial\IS_CargaInicial.dtproj", "{F1C18351-B307-4206-B7A4-ACC2E486D15E}"
EndProject
Global
	GlobalSection(SolutionConfigurationPlatforms) = preSolution
		Development|Default = Development|Default
	EndGlobalSection
	GlobalSection(ProjectConfigurationPlatforms) = postSolution
		{F1C18351-B307-4206-B7A4-ACC2E486D15E}.Development|Default.ActiveCfg = Development
		{F1C18351-B307-4206-B7A4-ACC2E486D15E}.Development|Default.Build.0 = Development
	EndGlobalSection
	GlobalSection(SolutionProperties) = preSolution
		HideSolutionNode = FALSE
	EndGlobalSection
EndGlobal
